
Microsoft Visual Studio Solution File, Format Version 12.00
# Visual Studio Version 17
VisualStudioVersion = 17.3.32825.248
MinimumVisualStudioVersion = 10.0.40219.1
Project("{FAE04EC0-301F-11D3-BF4B-00C04F79EFBC}") = "IgriSamostaiat", "IgriSamostaiat\IgriSamostaiat.csproj", "{9D583912-56C2-45FB-83FF-85BEF093F08E}"
EndProject
Global
	GlobalSection(SolutionConfigurationPlatforms) = preSolution
		Debug|Any CPU = Debug|Any CPU
		Release|Any CPU = Release|Any CPU
	EndGlobalSection
	GlobalSection(ProjectConfigurationPlatforms) = postSolution
		{9D583912-56C2-45FB-83FF-85BEF093F08E}.Debug|Any CPU.ActiveCfg = Debug|Any CPU
		{9D583912-56C2-45FB-83FF-85BEF093F08E}.Debug|Any CPU.Build.0 = Debug|Any CPU
		{9D583912-56C2-45FB-83FF-85BEF093F08E}.Release|Any CPU.ActiveCfg = Release|Any CPU
		{9D583912-56C2-45FB-83FF-85BEF093F08E}.Release|Any CPU.Build.0 = Release|Any CPU
	EndGlobalSection
	GlobalSection(SolutionProperties) = preSolution
		HideSolutionNode = FALSE
	EndGlobalSection
	GlobalSection(ExtensibilityGlobals) = postSolution
		SolutionGuid = {D5A491A0-1BBF-4463-BB18-6E2B972AE4CE}
	EndGlobalSection
EndGlobal
